
Microsoft Visual Studio Solution File, Format Version 12.00
# Visual Studio Version 17
VisualStudioVersion = 17.5.33530.505
MinimumVisualStudioVersion = 10.0.40219.1
Project("{9A19103F-16F7-4668-BE54-9A1E7A4F7556}") = "Organizer_App.Server", "Organizer_App\Server\Organizer_App.Server.csproj", "{811D852C-98EF-452A-9227-5A2E79E3DFD4}"
EndProject
Project("{9A19103F-16F7-4668-BE54-9A1E7A4F7556}") = "Organizer_App.Client", "Organizer_App\Client\Organizer_App.Client.csproj", "{3AC3BACE-B107-4D95-B568-BDB6FF460FE2}"
EndProject
Project("{9A19103F-16F7-4668-BE54-9A1E7A4F7556}") = "Organizer_App.Shared", "Organizer_App\Shared\Organizer_App.Shared.csproj", "{FFC04FD8-A538-4BE2-8129-678173551C80}"
EndProject
Global
	GlobalSection(SolutionConfigurationPlatforms) = preSolution
		Debug|Any CPU = Debug|Any CPU
		Release|Any CPU = Release|Any CPU
	EndGlobalSection
	GlobalSection(ProjectConfigurationPlatforms) = postSolution
		{811D852C-98EF-452A-9227-5A2E79E3DFD4}.Debug|Any CPU.ActiveCfg = Debug|Any CPU
		{811D852C-98EF-452A-9227-5A2E79E3DFD4}.Debug|Any CPU.Build.0 = Debug|Any CPU
		{811D852C-98EF-452A-9227-5A2E79E3DFD4}.Release|Any CPU.ActiveCfg = Release|Any CPU
		{811D852C-98EF-452A-9227-5A2E79E3DFD4}.Release|Any CPU.Build.0 = Release|Any CPU
		{3AC3BACE-B107-4D95-B568-BDB6FF460FE2}.Debug|Any CPU.ActiveCfg = Debug|Any CPU
		{3AC3BACE-B107-4D95-B568-BDB6FF460FE2}.Debug|Any CPU.Build.0 = Debug|Any CPU
		{3AC3BACE-B107-4D95-B568-BDB6FF460FE2}.Release|Any CPU.ActiveCfg = Release|Any CPU
		{3AC3BACE-B107-4D95-B568-BDB6FF460FE2}.Release|Any CPU.Build.0 = Release|Any CPU
		{FFC04FD8-A538-4BE2-8129-678173551C80}.Debug|Any CPU.ActiveCfg = Debug|Any CPU
		{FFC04FD8-A538-4BE2-8129-678173551C80}.Debug|Any CPU.Build.0 = Debug|Any CPU
		{FFC04FD8-A538-4BE2-8129-678173551C80}.Release|Any CPU.ActiveCfg = Release|Any CPU
		{FFC04FD8-A538-4BE2-8129-678173551C80}.Release|Any CPU.Build.0 = Release|Any CPU
	EndGlobalSection
	GlobalSection(SolutionProperties) = preSolution
		HideSolutionNode = FALSE
	EndGlobalSection
	GlobalSection(ExtensibilityGlobals) = postSolution
		SolutionGuid = {725BA05B-A406-40D2-9B3E-3F04044AA1B8}
	EndGlobalSection
EndGlobal
